// !$*UTF8*$!
{
	archiveVersion = 1;
	classes = {
	};
	objectVersion = 50;
	objects = {

/* Begin PBXBuildFile section */
		BE1453E621866D2300B287F1 /* LICENSE in Resources */ = {isa = PBXBuildFile; fileRef = BE1453E521866D2300B287F1 /* LICENSE */; };
		BE5129AF2186479D004DF0B1 /* DicomTransferSyntax.swift in Sources */ = {isa = PBXBuildFile; fileRef = BE5129832186479D004DF0B1 /* DicomTransferSyntax.swift */; };
		BE5129B02186479D004DF0B1 /* DicomTransferSyntax.swift in Sources */ = {isa = PBXBuildFile; fileRef = BE5129832186479D004DF0B1 /* DicomTransferSyntax.swift */; };
		BE5129B12186479D004DF0B1 /* DicomVR.swift in Sources */ = {isa = PBXBuildFile; fileRef = BE5129842186479D004DF0B1 /* DicomVR.swift */; };
		BE5129B22186479D004DF0B1 /* DicomVR.swift in Sources */ = {isa = PBXBuildFile; fileRef = BE5129842186479D004DF0B1 /* DicomVR.swift */; };
		BE5129B32186479D004DF0B1 /* DicomError.swift in Sources */ = {isa = PBXBuildFile; fileRef = BE5129852186479D004DF0B1 /* DicomError.swift */; };
		BE5129B42186479D004DF0B1 /* DicomError.swift in Sources */ = {isa = PBXBuildFile; fileRef = BE5129852186479D004DF0B1 /* DicomError.swift */; };
		BE5129B52186479D004DF0B1 /* DicomTag.swift in Sources */ = {isa = PBXBuildFile; fileRef = BE5129862186479D004DF0B1 /* DicomTag.swift */; };
		BE5129B62186479D004DF0B1 /* DicomTag.swift in Sources */ = {isa = PBXBuildFile; fileRef = BE5129862186479D004DF0B1 /* DicomTag.swift */; };
		BE5129B72186479D004DF0B1 /* DicomObject.swift in Sources */ = {isa = PBXBuildFile; fileRef = BE5129872186479D004DF0B1 /* DicomObject.swift */; };
		BE5129B82186479D004DF0B1 /* DicomObject.swift in Sources */ = {isa = PBXBuildFile; fileRef = BE5129872186479D004DF0B1 /* DicomObject.swift */; };
		BE5129B92186479D004DF0B1 /* DicomDataElementIS.swift in Sources */ = {isa = PBXBuildFile; fileRef = BE51298A2186479D004DF0B1 /* DicomDataElementIS.swift */; };
		BE5129BA2186479D004DF0B1 /* DicomDataElementIS.swift in Sources */ = {isa = PBXBuildFile; fileRef = BE51298A2186479D004DF0B1 /* DicomDataElementIS.swift */; };
		BE5129BB2186479D004DF0B1 /* DicomDataElementDS.swift in Sources */ = {isa = PBXBuildFile; fileRef = BE51298B2186479D004DF0B1 /* DicomDataElementDS.swift */; };
		BE5129BC2186479D004DF0B1 /* DicomDataElementDS.swift in Sources */ = {isa = PBXBuildFile; fileRef = BE51298B2186479D004DF0B1 /* DicomDataElementDS.swift */; };
		BE5129BD2186479D004DF0B1 /* DicomDataElementDA.swift in Sources */ = {isa = PBXBuildFile; fileRef = BE51298D2186479D004DF0B1 /* DicomDataElementDA.swift */; };
		BE5129BE2186479D004DF0B1 /* DicomDataElementDA.swift in Sources */ = {isa = PBXBuildFile; fileRef = BE51298D2186479D004DF0B1 /* DicomDataElementDA.swift */; };
		BE5129BF2186479D004DF0B1 /* DicomDataElementTM.swift in Sources */ = {isa = PBXBuildFile; fileRef = BE51298E2186479D004DF0B1 /* DicomDataElementTM.swift */; };
		BE5129C02186479D004DF0B1 /* DicomDataElementTM.swift in Sources */ = {isa = PBXBuildFile; fileRef = BE51298E2186479D004DF0B1 /* DicomDataElementTM.swift */; };
		BE5129C12186479D004DF0B1 /* DicomDataElementDT.swift in Sources */ = {isa = PBXBuildFile; fileRef = BE51298F2186479D004DF0B1 /* DicomDataElementDT.swift */; };
		BE5129C22186479D004DF0B1 /* DicomDataElementDT.swift in Sources */ = {isa = PBXBuildFile; fileRef = BE51298F2186479D004DF0B1 /* DicomDataElementDT.swift */; };
		BE5129C32186479D004DF0B1 /* DicomDataElementUR.swift in Sources */ = {isa = PBXBuildFile; fileRef = BE5129912186479D004DF0B1 /* DicomDataElementUR.swift */; };
		BE5129C42186479D004DF0B1 /* DicomDataElementUR.swift in Sources */ = {isa = PBXBuildFile; fileRef = BE5129912186479D004DF0B1 /* DicomDataElementUR.swift */; };
		BE5129C52186479D004DF0B1 /* DicomDataElementUI.swift in Sources */ = {isa = PBXBuildFile; fileRef = BE5129922186479D004DF0B1 /* DicomDataElementUI.swift */; };
		BE5129C62186479D004DF0B1 /* DicomDataElementUI.swift in Sources */ = {isa = PBXBuildFile; fileRef = BE5129922186479D004DF0B1 /* DicomDataElementUI.swift */; };
		BE5129C72186479D004DF0B1 /* DicomDataElementSH.swift in Sources */ = {isa = PBXBuildFile; fileRef = BE5129932186479D004DF0B1 /* DicomDataElementSH.swift */; };
		BE5129C82186479D004DF0B1 /* DicomDataElementSH.swift in Sources */ = {isa = PBXBuildFile; fileRef = BE5129932186479D004DF0B1 /* DicomDataElementSH.swift */; };
		BE5129C92186479D004DF0B1 /* DicomDataElementUT.swift in Sources */ = {isa = PBXBuildFile; fileRef = BE5129942186479D004DF0B1 /* DicomDataElementUT.swift */; };
		BE5129CA2186479D004DF0B1 /* DicomDataElementUT.swift in Sources */ = {isa = PBXBuildFile; fileRef = BE5129942186479D004DF0B1 /* DicomDataElementUT.swift */; };
		BE5129CB2186479D004DF0B1 /* DicomDataElementAS.swift in Sources */ = {isa = PBXBuildFile; fileRef = BE5129952186479D004DF0B1 /* DicomDataElementAS.swift */; };
		BE5129CC2186479D004DF0B1 /* DicomDataElementAS.swift in Sources */ = {isa = PBXBuildFile; fileRef = BE5129952186479D004DF0B1 /* DicomDataElementAS.swift */; };
		BE5129CD2186479D004DF0B1 /* DicomDataElementCS.swift in Sources */ = {isa = PBXBuildFile; fileRef = BE5129962186479D004DF0B1 /* DicomDataElementCS.swift */; };
		BE5129CE2186479D004DF0B1 /* DicomDataElementCS.swift in Sources */ = {isa = PBXBuildFile; fileRef = BE5129962186479D004DF0B1 /* DicomDataElementCS.swift */; };
		BE5129CF2186479D004DF0B1 /* DicomDataElementST.swift in Sources */ = {isa = PBXBuildFile; fileRef = BE5129972186479D004DF0B1 /* DicomDataElementST.swift */; };
		BE5129D02186479D004DF0B1 /* DicomDataElementST.swift in Sources */ = {isa = PBXBuildFile; fileRef = BE5129972186479D004DF0B1 /* DicomDataElementST.swift */; };
		BE5129D12186479D004DF0B1 /* DicomDataElementLT.swift in Sources */ = {isa = PBXBuildFile; fileRef = BE5129982186479D004DF0B1 /* DicomDataElementLT.swift */; };
		BE5129D22186479D004DF0B1 /* DicomDataElementLT.swift in Sources */ = {isa = PBXBuildFile; fileRef = BE5129982186479D004DF0B1 /* DicomDataElementLT.swift */; };
		BE5129D32186479D004DF0B1 /* DicomDataElementLO.swift in Sources */ = {isa = PBXBuildFile; fileRef = BE5129992186479D004DF0B1 /* DicomDataElementLO.swift */; };
		BE5129D42186479D004DF0B1 /* DicomDataElementLO.swift in Sources */ = {isa = PBXBuildFile; fileRef = BE5129992186479D004DF0B1 /* DicomDataElementLO.swift */; };
		BE5129D52186479D004DF0B1 /* DicomDataElementUC.swift in Sources */ = {isa = PBXBuildFile; fileRef = BE51299A2186479D004DF0B1 /* DicomDataElementUC.swift */; };
		BE5129D62186479D004DF0B1 /* DicomDataElementUC.swift in Sources */ = {isa = PBXBuildFile; fileRef = BE51299A2186479D004DF0B1 /* DicomDataElementUC.swift */; };
		BE5129D72186479D004DF0B1 /* DicomDataElementAE.swift in Sources */ = {isa = PBXBuildFile; fileRef = BE51299B2186479D004DF0B1 /* DicomDataElementAE.swift */; };
		BE5129D82186479D004DF0B1 /* DicomDataElementAE.swift in Sources */ = {isa = PBXBuildFile; fileRef = BE51299B2186479D004DF0B1 /* DicomDataElementAE.swift */; };
		BE5129D92186479D004DF0B1 /* DicomDataElementSS.swift in Sources */ = {isa = PBXBuildFile; fileRef = BE51299D2186479D004DF0B1 /* DicomDataElementSS.swift */; };
		BE5129DA2186479D004DF0B1 /* DicomDataElementSS.swift in Sources */ = {isa = PBXBuildFile; fileRef = BE51299D2186479D004DF0B1 /* DicomDataElementSS.swift */; };
		BE5129DB2186479D004DF0B1 /* DicomDataElementSL.swift in Sources */ = {isa = PBXBuildFile; fileRef = BE51299E2186479D004DF0B1 /* DicomDataElementSL.swift */; };
		BE5129DC2186479D004DF0B1 /* DicomDataElementSL.swift in Sources */ = {isa = PBXBuildFile; fileRef = BE51299E2186479D004DF0B1 /* DicomDataElementSL.swift */; };
		BE5129DD2186479D004DF0B1 /* DicomDataElementUS.swift in Sources */ = {isa = PBXBuildFile; fileRef = BE51299F2186479D004DF0B1 /* DicomDataElementUS.swift */; };
		BE5129DE2186479D004DF0B1 /* DicomDataElementUS.swift in Sources */ = {isa = PBXBuildFile; fileRef = BE51299F2186479D004DF0B1 /* DicomDataElementUS.swift */; };
		BE5129DF2186479D004DF0B1 /* DicomDataElementFD.swift in Sources */ = {isa = PBXBuildFile; fileRef = BE5129A02186479D004DF0B1 /* DicomDataElementFD.swift */; };
		BE5129E02186479D004DF0B1 /* DicomDataElementFD.swift in Sources */ = {isa = PBXBuildFile; fileRef = BE5129A02186479D004DF0B1 /* DicomDataElementFD.swift */; };
		BE5129E12186479D004DF0B1 /* DicomDataElementUL.swift in Sources */ = {isa = PBXBuildFile; fileRef = BE5129A12186479D004DF0B1 /* DicomDataElementUL.swift */; };
		BE5129E22186479D004DF0B1 /* DicomDataElementUL.swift in Sources */ = {isa = PBXBuildFile; fileRef = BE5129A12186479D004DF0B1 /* DicomDataElementUL.swift */; };
		BE5129E32186479D004DF0B1 /* DicomDataElementFL.swift in Sources */ = {isa = PBXBuildFile; fileRef = BE5129A22186479D004DF0B1 /* DicomDataElementFL.swift */; };
		BE5129E42186479D004DF0B1 /* DicomDataElementFL.swift in Sources */ = {isa = PBXBuildFile; fileRef = BE5129A22186479D004DF0B1 /* DicomDataElementFL.swift */; };
		BE5129E52186479D004DF0B1 /* DicomDataElement.swift in Sources */ = {isa = PBXBuildFile; fileRef = BE5129A32186479D004DF0B1 /* DicomDataElement.swift */; };
		BE5129E62186479D004DF0B1 /* DicomDataElement.swift in Sources */ = {isa = PBXBuildFile; fileRef = BE5129A32186479D004DF0B1 /* DicomDataElement.swift */; };
		BE5129E72186479D004DF0B1 /* DicomDataElementAT.swift in Sources */ = {isa = PBXBuildFile; fileRef = BE5129A52186479D004DF0B1 /* DicomDataElementAT.swift */; };
		BE5129E82186479D004DF0B1 /* DicomDataElementAT.swift in Sources */ = {isa = PBXBuildFile; fileRef = BE5129A52186479D004DF0B1 /* DicomDataElementAT.swift */; };
		BE5129E92186479D004DF0B1 /* DicomDataElementOL.swift in Sources */ = {isa = PBXBuildFile; fileRef = BE5129A62186479D004DF0B1 /* DicomDataElementOL.swift */; };
		BE5129EA2186479D004DF0B1 /* DicomDataElementOL.swift in Sources */ = {isa = PBXBuildFile; fileRef = BE5129A62186479D004DF0B1 /* DicomDataElementOL.swift */; };
		BE5129EB2186479D004DF0B1 /* DicomDataElementOW.swift in Sources */ = {isa = PBXBuildFile; fileRef = BE5129A72186479D004DF0B1 /* DicomDataElementOW.swift */; };
		BE5129EC2186479D004DF0B1 /* DicomDataElementOW.swift in Sources */ = {isa = PBXBuildFile; fileRef = BE5129A72186479D004DF0B1 /* DicomDataElementOW.swift */; };
		BE5129ED2186479D004DF0B1 /* DicomDataElementUN.swift in Sources */ = {isa = PBXBuildFile; fileRef = BE5129A82186479D004DF0B1 /* DicomDataElementUN.swift */; };
		BE5129EE2186479D004DF0B1 /* DicomDataElementUN.swift in Sources */ = {isa = PBXBuildFile; fileRef = BE5129A82186479D004DF0B1 /* DicomDataElementUN.swift */; };
		BE5129EF2186479D004DF0B1 /* DicomDataElementOF.swift in Sources */ = {isa = PBXBuildFile; fileRef = BE5129A92186479D004DF0B1 /* DicomDataElementOF.swift */; };
		BE5129F02186479D004DF0B1 /* DicomDataElementOF.swift in Sources */ = {isa = PBXBuildFile; fileRef = BE5129A92186479D004DF0B1 /* DicomDataElementOF.swift */; };
		BE5129F12186479D004DF0B1 /* DicomDataElementOD.swift in Sources */ = {isa = PBXBuildFile; fileRef = BE5129AA2186479D004DF0B1 /* DicomDataElementOD.swift */; };
		BE5129F22186479D004DF0B1 /* DicomDataElementOD.swift in Sources */ = {isa = PBXBuildFile; fileRef = BE5129AA2186479D004DF0B1 /* DicomDataElementOD.swift */; };
		BE5129F32186479D004DF0B1 /* DicomDataElementOB.swift in Sources */ = {isa = PBXBuildFile; fileRef = BE5129AB2186479D004DF0B1 /* DicomDataElementOB.swift */; };
		BE5129F42186479D004DF0B1 /* DicomDataElementOB.swift in Sources */ = {isa = PBXBuildFile; fileRef = BE5129AB2186479D004DF0B1 /* DicomDataElementOB.swift */; };
		BE5129F52186479D004DF0B1 /* DicomDataElementSQ.swift in Sources */ = {isa = PBXBuildFile; fileRef = BE5129AD2186479D004DF0B1 /* DicomDataElementSQ.swift */; };
		BE5129F62186479D004DF0B1 /* DicomDataElementSQ.swift in Sources */ = {isa = PBXBuildFile; fileRef = BE5129AD2186479D004DF0B1 /* DicomDataElementSQ.swift */; };
		BE5129F72186479D004DF0B1 /* DicomDataElementPN.swift in Sources */ = {isa = PBXBuildFile; fileRef = BE5129AE2186479D004DF0B1 /* DicomDataElementPN.swift */; };
		BE5129F82186479D004DF0B1 /* DicomDataElementPN.swift in Sources */ = {isa = PBXBuildFile; fileRef = BE5129AE2186479D004DF0B1 /* DicomDataElementPN.swift */; };
		BE5129FC218647D9004DF0B1 /* DicomTransferSyntax.json in Resources */ = {isa = PBXBuildFile; fileRef = BE5129FB218647D9004DF0B1 /* DicomTransferSyntax.json */; };
		BE5129FD218647D9004DF0B1 /* DicomTransferSyntax.json in Resources */ = {isa = PBXBuildFile; fileRef = BE5129FB218647D9004DF0B1 /* DicomTransferSyntax.json */; };
		BE66DE8021B55DA200821A08 /* SCLERA_OD.dcm in Resources */ = {isa = PBXBuildFile; fileRef = BE66DE7F21B55D5000821A08 /* SCLERA_OD.dcm */; };
		BE66DE8121B55DA200821A08 /* SCLERA_OD.dcm in Resources */ = {isa = PBXBuildFile; fileRef = BE66DE7F21B55D5000821A08 /* SCLERA_OD.dcm */; };
		BE67648C21B14AB500C72765 /* DicomObjectTests.swift in Sources */ = {isa = PBXBuildFile; fileRef = BE67648A21B14AAC00C72765 /* DicomObjectTests.swift */; };
		BE67648D21B14AB600C72765 /* DicomObjectTests.swift in Sources */ = {isa = PBXBuildFile; fileRef = BE67648A21B14AAC00C72765 /* DicomObjectTests.swift */; };
		BE67649021B14FB900C72765 /* TestDicom_PDF.dcm in Resources */ = {isa = PBXBuildFile; fileRef = BE67648F21B14FB900C72765 /* TestDicom_PDF.dcm */; };
		BE67649121B14FB900C72765 /* TestDicom_PDF.dcm in Resources */ = {isa = PBXBuildFile; fileRef = BE67648F21B14FB900C72765 /* TestDicom_PDF.dcm */; };
		BE67649321B16A8400C72765 /* TestDicom_Image.dcm in Resources */ = {isa = PBXBuildFile; fileRef = BE67649221B16A8400C72765 /* TestDicom_Image.dcm */; };
		BE67649421B16A8400C72765 /* TestDicom_Image.dcm in Resources */ = {isa = PBXBuildFile; fileRef = BE67649221B16A8400C72765 /* TestDicom_Image.dcm */; };
		BE72761F219483FE00A43AE7 /* DicomDataElementTests.swift in Sources */ = {isa = PBXBuildFile; fileRef = BE72761C219482CC00A43AE7 /* DicomDataElementTests.swift */; };
		BE727620219483FF00A43AE7 /* DicomDataElementTests.swift in Sources */ = {isa = PBXBuildFile; fileRef = BE72761C219482CC00A43AE7 /* DicomDataElementTests.swift */; };
		BE8C392221863E86008EB60D /* DCDicom.h in Headers */ = {isa = PBXBuildFile; fileRef = BE8C392021863E86008EB60D /* DCDicom.h */; settings = {ATTRIBUTES = (Public, ); }; };
		BEF2288C218643A5003339CE /* DCDicom.h in Headers */ = {isa = PBXBuildFile; fileRef = BE8C392021863E86008EB60D /* DCDicom.h */; settings = {ATTRIBUTES = (Public, ); }; };
		BEF228982186457A003339CE /* DCDicom.framework in Frameworks */ = {isa = PBXBuildFile; fileRef = BE8C392B21863EA4008EB60D /* DCDicom.framework */; };
		BEF228A721864589003339CE /* DCDicom.framework in Frameworks */ = {isa = PBXBuildFile; fileRef = BE8C391D21863E86008EB60D /* DCDicom.framework */; };
/* End PBXBuildFile section */

/* Begin PBXContainerItemProxy section */
		BEF228992186457A003339CE /* PBXContainerItemProxy */ = {
			isa = PBXContainerItemProxy;
			containerPortal = BE8C391221863E34008EB60D /* Project object */;
			proxyType = 1;
			remoteGlobalIDString = BE8C392A21863EA4008EB60D;
			remoteInfo = DCDicomMacOS;
		};
		BEF228A821864589003339CE /* PBXContainerItemProxy */ = {
			isa = PBXContainerItemProxy;
			containerPortal = BE8C391221863E34008EB60D /* Project object */;
			proxyType = 1;
			remoteGlobalIDString = BE8C391C21863E86008EB60D;
			remoteInfo = DCDicomIOS;
		};
/* End PBXContainerItemProxy section */

/* Begin PBXFileReference section */
		BE1453E521866D2300B287F1 /* LICENSE */ = {isa = PBXFileReference; lastKnownFileType = text; path = LICENSE; sourceTree = "<group>"; };
		BE5129832186479D004DF0B1 /* DicomTransferSyntax.swift */ = {isa = PBXFileReference; fileEncoding = 4; lastKnownFileType = sourcecode.swift; path = DicomTransferSyntax.swift; sourceTree = "<group>"; };
		BE5129842186479D004DF0B1 /* DicomVR.swift */ = {isa = PBXFileReference; fileEncoding = 4; lastKnownFileType = sourcecode.swift; path = DicomVR.swift; sourceTree = "<group>"; };
		BE5129852186479D004DF0B1 /* DicomError.swift */ = {isa = PBXFileReference; fileEncoding = 4; lastKnownFileType = sourcecode.swift; path = DicomError.swift; sourceTree = "<group>"; };
		BE5129862186479D004DF0B1 /* DicomTag.swift */ = {isa = PBXFileReference; fileEncoding = 4; lastKnownFileType = sourcecode.swift; path = DicomTag.swift; sourceTree = "<group>"; };
		BE5129872186479D004DF0B1 /* DicomObject.swift */ = {isa = PBXFileReference; fileEncoding = 4; lastKnownFileType = sourcecode.swift; path = DicomObject.swift; sourceTree = "<group>"; };
		BE51298A2186479D004DF0B1 /* DicomDataElementIS.swift */ = {isa = PBXFileReference; fileEncoding = 4; lastKnownFileType = sourcecode.swift; path = DicomDataElementIS.swift; sourceTree = "<group>"; };
		BE51298B2186479D004DF0B1 /* DicomDataElementDS.swift */ = {isa = PBXFileReference; fileEncoding = 4; lastKnownFileType = sourcecode.swift; path = DicomDataElementDS.swift; sourceTree = "<group>"; };
		BE51298D2186479D004DF0B1 /* DicomDataElementDA.swift */ = {isa = PBXFileReference; fileEncoding = 4; lastKnownFileType = sourcecode.swift; path = DicomDataElementDA.swift; sourceTree = "<group>"; };
		BE51298E2186479D004DF0B1 /* DicomDataElementTM.swift */ = {isa = PBXFileReference; fileEncoding = 4; lastKnownFileType = sourcecode.swift; path = DicomDataElementTM.swift; sourceTree = "<group>"; };
		BE51298F2186479D004DF0B1 /* DicomDataElementDT.swift */ = {isa = PBXFileReference; fileEncoding = 4; lastKnownFileType = sourcecode.swift; path = DicomDataElementDT.swift; sourceTree = "<group>"; };
		BE5129912186479D004DF0B1 /* DicomDataElementUR.swift */ = {isa = PBXFileReference; fileEncoding = 4; lastKnownFileType = sourcecode.swift; path = DicomDataElementUR.swift; sourceTree = "<group>"; };
		BE5129922186479D004DF0B1 /* DicomDataElementUI.swift */ = {isa = PBXFileReference; fileEncoding = 4; lastKnownFileType = sourcecode.swift; path = DicomDataElementUI.swift; sourceTree = "<group>"; };
		BE5129932186479D004DF0B1 /* DicomDataElementSH.swift */ = {isa = PBXFileReference; fileEncoding = 4; lastKnownFileType = sourcecode.swift; path = DicomDataElementSH.swift; sourceTree = "<group>"; };
		BE5129942186479D004DF0B1 /* DicomDataElementUT.swift */ = {isa = PBXFileReference; fileEncoding = 4; lastKnownFileType = sourcecode.swift; path = DicomDataElementUT.swift; sourceTree = "<group>"; };
		BE5129952186479D004DF0B1 /* DicomDataElementAS.swift */ = {isa = PBXFileReference; fileEncoding = 4; lastKnownFileType = sourcecode.swift; path = DicomDataElementAS.swift; sourceTree = "<group>"; };
		BE5129962186479D004DF0B1 /* DicomDataElementCS.swift */ = {isa = PBXFileReference; fileEncoding = 4; lastKnownFileType = sourcecode.swift; path = DicomDataElementCS.swift; sourceTree = "<group>"; };
		BE5129972186479D004DF0B1 /* DicomDataElementST.swift */ = {isa = PBXFileReference; fileEncoding = 4; lastKnownFileType = sourcecode.swift; path = DicomDataElementST.swift; sourceTree = "<group>"; };
		BE5129982186479D004DF0B1 /* DicomDataElementLT.swift */ = {isa = PBXFileReference; fileEncoding = 4; lastKnownFileType = sourcecode.swift; path = DicomDataElementLT.swift; sourceTree = "<group>"; };
		BE5129992186479D004DF0B1 /* DicomDataElementLO.swift */ = {isa = PBXFileReference; fileEncoding = 4; lastKnownFileType = sourcecode.swift; path = DicomDataElementLO.swift; sourceTree = "<group>"; };
		BE51299A2186479D004DF0B1 /* DicomDataElementUC.swift */ = {isa = PBXFileReference; fileEncoding = 4; lastKnownFileType = sourcecode.swift; path = DicomDataElementUC.swift; sourceTree = "<group>"; };
		BE51299B2186479D004DF0B1 /* DicomDataElementAE.swift */ = {isa = PBXFileReference; fileEncoding = 4; lastKnownFileType = sourcecode.swift; path = DicomDataElementAE.swift; sourceTree = "<group>"; };
		BE51299D2186479D004DF0B1 /* DicomDataElementSS.swift */ = {isa = PBXFileReference; fileEncoding = 4; lastKnownFileType = sourcecode.swift; path = DicomDataElementSS.swift; sourceTree = "<group>"; };
		BE51299E2186479D004DF0B1 /* DicomDataElementSL.swift */ = {isa = PBXFileReference; fileEncoding = 4; lastKnownFileType = sourcecode.swift; path = DicomDataElementSL.swift; sourceTree = "<group>"; };
		BE51299F2186479D004DF0B1 /* DicomDataElementUS.swift */ = {isa = PBXFileReference; fileEncoding = 4; lastKnownFileType = sourcecode.swift; path = DicomDataElementUS.swift; sourceTree = "<group>"; };
		BE5129A02186479D004DF0B1 /* DicomDataElementFD.swift */ = {isa = PBXFileReference; fileEncoding = 4; lastKnownFileType = sourcecode.swift; path = DicomDataElementFD.swift; sourceTree = "<group>"; };
		BE5129A12186479D004DF0B1 /* DicomDataElementUL.swift */ = {isa = PBXFileReference; fileEncoding = 4; lastKnownFileType = sourcecode.swift; path = DicomDataElementUL.swift; sourceTree = "<group>"; };
		BE5129A22186479D004DF0B1 /* DicomDataElementFL.swift */ = {isa = PBXFileReference; fileEncoding = 4; lastKnownFileType = sourcecode.swift; path = DicomDataElementFL.swift; sourceTree = "<group>"; };
		BE5129A32186479D004DF0B1 /* DicomDataElement.swift */ = {isa = PBXFileReference; fileEncoding = 4; lastKnownFileType = sourcecode.swift; path = DicomDataElement.swift; sourceTree = "<group>"; };
		BE5129A52186479D004DF0B1 /* DicomDataElementAT.swift */ = {isa = PBXFileReference; fileEncoding = 4; lastKnownFileType = sourcecode.swift; path = DicomDataElementAT.swift; sourceTree = "<group>"; };
		BE5129A62186479D004DF0B1 /* DicomDataElementOL.swift */ = {isa = PBXFileReference; fileEncoding = 4; lastKnownFileType = sourcecode.swift; path = DicomDataElementOL.swift; sourceTree = "<group>"; };
		BE5129A72186479D004DF0B1 /* DicomDataElementOW.swift */ = {isa = PBXFileReference; fileEncoding = 4; lastKnownFileType = sourcecode.swift; path = DicomDataElementOW.swift; sourceTree = "<group>"; };
		BE5129A82186479D004DF0B1 /* DicomDataElementUN.swift */ = {isa = PBXFileReference; fileEncoding = 4; lastKnownFileType = sourcecode.swift; path = DicomDataElementUN.swift; sourceTree = "<group>"; };
		BE5129A92186479D004DF0B1 /* DicomDataElementOF.swift */ = {isa = PBXFileReference; fileEncoding = 4; lastKnownFileType = sourcecode.swift; path = DicomDataElementOF.swift; sourceTree = "<group>"; };
		BE5129AA2186479D004DF0B1 /* DicomDataElementOD.swift */ = {isa = PBXFileReference; fileEncoding = 4; lastKnownFileType = sourcecode.swift; path = DicomDataElementOD.swift; sourceTree = "<group>"; };
		BE5129AB2186479D004DF0B1 /* DicomDataElementOB.swift */ = {isa = PBXFileReference; fileEncoding = 4; lastKnownFileType = sourcecode.swift; path = DicomDataElementOB.swift; sourceTree = "<group>"; };
		BE5129AD2186479D004DF0B1 /* DicomDataElementSQ.swift */ = {isa = PBXFileReference; fileEncoding = 4; lastKnownFileType = sourcecode.swift; path = DicomDataElementSQ.swift; sourceTree = "<group>"; };
		BE5129AE2186479D004DF0B1 /* DicomDataElementPN.swift */ = {isa = PBXFileReference; fileEncoding = 4; lastKnownFileType = sourcecode.swift; path = DicomDataElementPN.swift; sourceTree = "<group>"; };
		BE5129FB218647D9004DF0B1 /* DicomTransferSyntax.json */ = {isa = PBXFileReference; fileEncoding = 4; lastKnownFileType = text.json; path = DicomTransferSyntax.json; sourceTree = "<group>"; };
		BE66DE7F21B55D5000821A08 /* SCLERA_OD.dcm */ = {isa = PBXFileReference; lastKnownFileType = file; path = SCLERA_OD.dcm; sourceTree = "<group>"; };
		BE67648A21B14AAC00C72765 /* DicomObjectTests.swift */ = {isa = PBXFileReference; lastKnownFileType = sourcecode.swift; path = DicomObjectTests.swift; sourceTree = "<group>"; };
		BE67648F21B14FB900C72765 /* TestDicom_PDF.dcm */ = {isa = PBXFileReference; lastKnownFileType = file; path = TestDicom_PDF.dcm; sourceTree = "<group>"; };
		BE67649221B16A8400C72765 /* TestDicom_Image.dcm */ = {isa = PBXFileReference; lastKnownFileType = file; path = TestDicom_Image.dcm; sourceTree = "<group>"; };
		BE72761C219482CC00A43AE7 /* DicomDataElementTests.swift */ = {isa = PBXFileReference; lastKnownFileType = sourcecode.swift; path = DicomDataElementTests.swift; sourceTree = "<group>"; };
		BE8C391D21863E86008EB60D /* DCDicom.framework */ = {isa = PBXFileReference; explicitFileType = wrapper.framework; includeInIndex = 0; path = DCDicom.framework; sourceTree = BUILT_PRODUCTS_DIR; };
		BE8C392021863E86008EB60D /* DCDicom.h */ = {isa = PBXFileReference; lastKnownFileType = sourcecode.c.h; path = DCDicom.h; sourceTree = "<group>"; };
		BE8C392121863E86008EB60D /* Info.plist */ = {isa = PBXFileReference; lastKnownFileType = text.plist.xml; path = Info.plist; sourceTree = "<group>"; };
		BE8C392B21863EA4008EB60D /* DCDicom.framework */ = {isa = PBXFileReference; explicitFileType = wrapper.framework; includeInIndex = 0; path = DCDicom.framework; sourceTree = BUILT_PRODUCTS_DIR; };
		BE99E48B2192F41D00D06D07 /* README.md */ = {isa = PBXFileReference; lastKnownFileType = net.daringfireball.markdown; path = README.md; sourceTree = "<group>"; };
		BEAB9D9B21924689007DFD50 /* .travis.yml */ = {isa = PBXFileReference; lastKnownFileType = text; path = .travis.yml; sourceTree = "<group>"; };
		BEF2288B21864001003339CE /* DCDicom.podspec */ = {isa = PBXFileReference; lastKnownFileType = text; path = DCDicom.podspec; sourceTree = "<group>"; xcLanguageSpecificationIdentifier = xcode.lang.ruby; };
		BEF2289321864579003339CE /* DCDicomMacOSTests.xctest */ = {isa = PBXFileReference; explicitFileType = wrapper.cfbundle; includeInIndex = 0; path = DCDicomMacOSTests.xctest; sourceTree = BUILT_PRODUCTS_DIR; };
		BEF228A221864589003339CE /* DCDicomIOSTests.xctest */ = {isa = PBXFileReference; explicitFileType = wrapper.cfbundle; includeInIndex = 0; path = DCDicomIOSTests.xctest; sourceTree = BUILT_PRODUCTS_DIR; };
		BEF228A621864589003339CE /* Info.plist */ = {isa = PBXFileReference; lastKnownFileType = text.plist.xml; path = Info.plist; sourceTree = "<group>"; };
/* End PBXFileReference section */

/* Begin PBXFrameworksBuildPhase section */
		BE8C391A21863E86008EB60D /* Frameworks */ = {
			isa = PBXFrameworksBuildPhase;
			buildActionMask = 2147483647;
			files = (
			);
			runOnlyForDeploymentPostprocessing = 0;
		};
		BE8C392821863EA4008EB60D /* Frameworks */ = {
			isa = PBXFrameworksBuildPhase;
			buildActionMask = 2147483647;
			files = (
			);
			runOnlyForDeploymentPostprocessing = 0;
		};
		BEF2289021864579003339CE /* Frameworks */ = {
			isa = PBXFrameworksBuildPhase;
			buildActionMask = 2147483647;
			files = (
				BEF228982186457A003339CE /* DCDicom.framework in Frameworks */,
			);
			runOnlyForDeploymentPostprocessing = 0;
		};
		BEF2289F21864589003339CE /* Frameworks */ = {
			isa = PBXFrameworksBuildPhase;
			buildActionMask = 2147483647;
			files = (
				BEF228A721864589003339CE /* DCDicom.framework in Frameworks */,
			);
			runOnlyForDeploymentPostprocessing = 0;
		};
/* End PBXFrameworksBuildPhase section */

/* Begin PBXGroup section */
		BE5129812186479D004DF0B1 /* DICOM */ = {
			isa = PBXGroup;
			children = (
				BE5129872186479D004DF0B1 /* DicomObject.swift */,
				BE5129882186479D004DF0B1 /* Data Elements */,
				BE5129822186479D004DF0B1 /* Sub-Types */,
			);
			path = DICOM;
			sourceTree = "<group>";
		};
		BE5129822186479D004DF0B1 /* Sub-Types */ = {
			isa = PBXGroup;
			children = (
				BE5129832186479D004DF0B1 /* DicomTransferSyntax.swift */,
				BE5129842186479D004DF0B1 /* DicomVR.swift */,
				BE5129852186479D004DF0B1 /* DicomError.swift */,
				BE5129862186479D004DF0B1 /* DicomTag.swift */,
			);
			path = "Sub-Types";
			sourceTree = "<group>";
		};
		BE5129882186479D004DF0B1 /* Data Elements */ = {
			isa = PBXGroup;
			children = (
				BE5129A32186479D004DF0B1 /* DicomDataElement.swift */,
				BE5129892186479D004DF0B1 /* Number Strings */,
				BE51298C2186479D004DF0B1 /* Date and Time */,
				BE5129902186479D004DF0B1 /* Strings */,
				BE51299C2186479D004DF0B1 /* Numbers */,
				BE5129A42186479D004DF0B1 /* Other */,
				BE5129AC2186479D004DF0B1 /* Special Formats */,
			);
			path = "Data Elements";
			sourceTree = "<group>";
		};
		BE5129892186479D004DF0B1 /* Number Strings */ = {
			isa = PBXGroup;
			children = (
				BE51298A2186479D004DF0B1 /* DicomDataElementIS.swift */,
				BE51298B2186479D004DF0B1 /* DicomDataElementDS.swift */,
			);
			path = "Number Strings";
			sourceTree = "<group>";
		};
		BE51298C2186479D004DF0B1 /* Date and Time */ = {
			isa = PBXGroup;
			children = (
				BE51298D2186479D004DF0B1 /* DicomDataElementDA.swift */,
				BE51298E2186479D004DF0B1 /* DicomDataElementTM.swift */,
				BE51298F2186479D004DF0B1 /* DicomDataElementDT.swift */,
			);
			path = "Date and Time";
			sourceTree = "<group>";
		};
		BE5129902186479D004DF0B1 /* Strings */ = {
			isa = PBXGroup;
			children = (
				BE5129912186479D004DF0B1 /* DicomDataElementUR.swift */,
				BE5129922186479D004DF0B1 /* DicomDataElementUI.swift */,
				BE5129932186479D004DF0B1 /* DicomDataElementSH.swift */,
				BE5129942186479D004DF0B1 /* DicomDataElementUT.swift */,
				BE5129952186479D004DF0B1 /* DicomDataElementAS.swift */,
				BE5129962186479D004DF0B1 /* DicomDataElementCS.swift */,
				BE5129972186479D004DF0B1 /* DicomDataElementST.swift */,
				BE5129982186479D004DF0B1 /* DicomDataElementLT.swift */,
				BE5129992186479D004DF0B1 /* DicomDataElementLO.swift */,
				BE51299A2186479D004DF0B1 /* DicomDataElementUC.swift */,
				BE51299B2186479D004DF0B1 /* DicomDataElementAE.swift */,
			);
			path = Strings;
			sourceTree = "<group>";
		};
		BE51299C2186479D004DF0B1 /* Numbers */ = {
			isa = PBXGroup;
			children = (
				BE51299D2186479D004DF0B1 /* DicomDataElementSS.swift */,
				BE51299E2186479D004DF0B1 /* DicomDataElementSL.swift */,
				BE51299F2186479D004DF0B1 /* DicomDataElementUS.swift */,
				BE5129A02186479D004DF0B1 /* DicomDataElementFD.swift */,
				BE5129A12186479D004DF0B1 /* DicomDataElementUL.swift */,
				BE5129A22186479D004DF0B1 /* DicomDataElementFL.swift */,
			);
			path = Numbers;
			sourceTree = "<group>";
		};
		BE5129A42186479D004DF0B1 /* Other */ = {
			isa = PBXGroup;
			children = (
				BE5129A52186479D004DF0B1 /* DicomDataElementAT.swift */,
				BE5129A62186479D004DF0B1 /* DicomDataElementOL.swift */,
				BE5129A72186479D004DF0B1 /* DicomDataElementOW.swift */,
				BE5129A82186479D004DF0B1 /* DicomDataElementUN.swift */,
				BE5129A92186479D004DF0B1 /* DicomDataElementOF.swift */,
				BE5129AA2186479D004DF0B1 /* DicomDataElementOD.swift */,
				BE5129AB2186479D004DF0B1 /* DicomDataElementOB.swift */,
			);
			path = Other;
			sourceTree = "<group>";
		};
		BE5129AC2186479D004DF0B1 /* Special Formats */ = {
			isa = PBXGroup;
			children = (
				BE5129AD2186479D004DF0B1 /* DicomDataElementSQ.swift */,
				BE5129AE2186479D004DF0B1 /* DicomDataElementPN.swift */,
			);
			path = "Special Formats";
			sourceTree = "<group>";
		};
		BE5129F9218647B4004DF0B1 /* Resources */ = {
			isa = PBXGroup;
			children = (
				BE5129FA218647C7004DF0B1 /* DICOM Definitions */,
			);
			path = Resources;
			sourceTree = "<group>";
		};
		BE5129FA218647C7004DF0B1 /* DICOM Definitions */ = {
			isa = PBXGroup;
			children = (
				BE5129FB218647D9004DF0B1 /* DicomTransferSyntax.json */,
			);
			path = "DICOM Definitions";
			sourceTree = "<group>";
		};
		BE67648921B14A9900C72765 /* DicomObjectTests */ = {
			isa = PBXGroup;
			children = (
				BE67648A21B14AAC00C72765 /* DicomObjectTests.swift */,
			);
			path = DicomObjectTests;
			sourceTree = "<group>";
		};
		BE67648E21B14F9900C72765 /* Test DICOM Resources */ = {
			isa = PBXGroup;
			children = (
				BE67648F21B14FB900C72765 /* TestDicom_PDF.dcm */,
				BE67649221B16A8400C72765 /* TestDicom_Image.dcm */,
				BE66DE7F21B55D5000821A08 /* SCLERA_OD.dcm */,
			);
			path = "Test DICOM Resources";
			sourceTree = "<group>";
		};
		BE72761B219482AF00A43AE7 /* DicomDataElementTests */ = {
			isa = PBXGroup;
			children = (
				BE72761C219482CC00A43AE7 /* DicomDataElementTests.swift */,
			);
			path = DicomDataElementTests;
			sourceTree = "<group>";
		};
		BE8C391121863E34008EB60D = {
			isa = PBXGroup;
			children = (
				BEAB9D9A21924646007DFD50 /* Pod Metadata */,
				BEF2288D21864414003339CE /* Sources */,
				BE5129F9218647B4004DF0B1 /* Resources */,
				BEF2288E2186441B003339CE /* Tests */,
				BE8C391E21863E86008EB60D /* Products */,
			);
			sourceTree = "<group>";
		};
		BE8C391E21863E86008EB60D /* Products */ = {
			isa = PBXGroup;
			children = (
				BE8C391D21863E86008EB60D /* DCDicom.framework */,
				BE8C392B21863EA4008EB60D /* DCDicom.framework */,
				BEF2289321864579003339CE /* DCDicomMacOSTests.xctest */,
				BEF228A221864589003339CE /* DCDicomIOSTests.xctest */,
			);
			name = Products;
			sourceTree = "<group>";
		};
		BEAB9D9A21924646007DFD50 /* Pod Metadata */ = {
			isa = PBXGroup;
			children = (
				BEF2288B21864001003339CE /* DCDicom.podspec */,
				BE1453E521866D2300B287F1 /* LICENSE */,
				BE99E48B2192F41D00D06D07 /* README.md */,
				BEAB9D9B21924689007DFD50 /* .travis.yml */,
			);
			name = "Pod Metadata";
			sourceTree = "<group>";
		};
		BEF2288D21864414003339CE /* Sources */ = {
			isa = PBXGroup;
			children = (
				BE8C392021863E86008EB60D /* DCDicom.h */,
				BE5129812186479D004DF0B1 /* DICOM */,
				BE8C392121863E86008EB60D /* Info.plist */,
			);
			path = Sources;
			sourceTree = "<group>";
		};
		BEF2288E2186441B003339CE /* Tests */ = {
			isa = PBXGroup;
			children = (
				BE67648E21B14F9900C72765 /* Test DICOM Resources */,
				BE67648921B14A9900C72765 /* DicomObjectTests */,
				BE72761B219482AF00A43AE7 /* DicomDataElementTests */,
				BEF228A621864589003339CE /* Info.plist */,
			);
			path = Tests;
			sourceTree = "<group>";
		};
/* End PBXGroup section */

/* Begin PBXHeadersBuildPhase section */
		BE8C391821863E86008EB60D /* Headers */ = {
			isa = PBXHeadersBuildPhase;
			buildActionMask = 2147483647;
			files = (
				BE8C392221863E86008EB60D /* DCDicom.h in Headers */,
			);
			runOnlyForDeploymentPostprocessing = 0;
		};
		BE8C392621863EA4008EB60D /* Headers */ = {
			isa = PBXHeadersBuildPhase;
			buildActionMask = 2147483647;
			files = (
				BEF2288C218643A5003339CE /* DCDicom.h in Headers */,
			);
			runOnlyForDeploymentPostprocessing = 0;
		};
/* End PBXHeadersBuildPhase section */

/* Begin PBXNativeTarget section */
		BE8C391C21863E86008EB60D /* DCDicomIOS */ = {
			isa = PBXNativeTarget;
			buildConfigurationList = BE8C392321863E86008EB60D /* Build configuration list for PBXNativeTarget "DCDicomIOS" */;
			buildPhases = (
				BE8C391821863E86008EB60D /* Headers */,
				BE8C391921863E86008EB60D /* Sources */,
				BE8C391A21863E86008EB60D /* Frameworks */,
				BE8C391B21863E86008EB60D /* Resources */,
			);
			buildRules = (
			);
			dependencies = (
			);
			name = DCDicomIOS;
			productName = DCDicomIOS;
			productReference = BE8C391D21863E86008EB60D /* DCDicom.framework */;
			productType = "com.apple.product-type.framework";
		};
		BE8C392A21863EA4008EB60D /* DCDicomMacOS */ = {
			isa = PBXNativeTarget;
			buildConfigurationList = BE8C393021863EA4008EB60D /* Build configuration list for PBXNativeTarget "DCDicomMacOS" */;
			buildPhases = (
				BE8C392621863EA4008EB60D /* Headers */,
				BE8C392721863EA4008EB60D /* Sources */,
				BE8C392821863EA4008EB60D /* Frameworks */,
				BE8C392921863EA4008EB60D /* Resources */,
			);
			buildRules = (
			);
			dependencies = (
			);
			name = DCDicomMacOS;
			productName = DCDicomMacOS;
			productReference = BE8C392B21863EA4008EB60D /* DCDicom.framework */;
			productType = "com.apple.product-type.framework";
		};
		BEF2289221864579003339CE /* DCDicomMacOSTests */ = {
			isa = PBXNativeTarget;
			buildConfigurationList = BEF2289B2186457A003339CE /* Build configuration list for PBXNativeTarget "DCDicomMacOSTests" */;
			buildPhases = (
				BEF2288F21864579003339CE /* Sources */,
				BEF2289021864579003339CE /* Frameworks */,
				BEF2289121864579003339CE /* Resources */,
			);
			buildRules = (
			);
			dependencies = (
				BEF2289A2186457A003339CE /* PBXTargetDependency */,
			);
			name = DCDicomMacOSTests;
			productName = DCDicomMacOSTests;
			productReference = BEF2289321864579003339CE /* DCDicomMacOSTests.xctest */;
			productType = "com.apple.product-type.bundle.unit-test";
		};
		BEF228A121864589003339CE /* DCDicomIOSTests */ = {
			isa = PBXNativeTarget;
			buildConfigurationList = BEF228AA21864589003339CE /* Build configuration list for PBXNativeTarget "DCDicomIOSTests" */;
			buildPhases = (
				BEF2289E21864589003339CE /* Sources */,
				BEF2289F21864589003339CE /* Frameworks */,
				BEF228A021864589003339CE /* Resources */,
			);
			buildRules = (
			);
			dependencies = (
				BEF228A921864589003339CE /* PBXTargetDependency */,
			);
			name = DCDicomIOSTests;
			productName = DCDicomIOSTests;
			productReference = BEF228A221864589003339CE /* DCDicomIOSTests.xctest */;
			productType = "com.apple.product-type.bundle.unit-test";
		};
/* End PBXNativeTarget section */

/* Begin PBXProject section */
		BE8C391221863E34008EB60D /* Project object */ = {
			isa = PBXProject;
			attributes = {
				LastSwiftUpdateCheck = 1000;
				LastUpgradeCheck = 1000;
				TargetAttributes = {
					BE8C391C21863E86008EB60D = {
						CreatedOnToolsVersion = 10.0;
					};
					BE8C392A21863EA4008EB60D = {
						CreatedOnToolsVersion = 10.0;
					};
					BEF2289221864579003339CE = {
						CreatedOnToolsVersion = 10.0;
					};
					BEF228A121864589003339CE = {
						CreatedOnToolsVersion = 10.0;
					};
				};
			};
			buildConfigurationList = BE8C391521863E34008EB60D /* Build configuration list for PBXProject "DCDicom" */;
			compatibilityVersion = "Xcode 9.3";
			developmentRegion = en;
			hasScannedForEncodings = 0;
			knownRegions = (
				en,
				Base,
			);
			mainGroup = BE8C391121863E34008EB60D;
			productRefGroup = BE8C391E21863E86008EB60D /* Products */;
			projectDirPath = "";
			projectRoot = "";
			targets = (
				BE8C391C21863E86008EB60D /* DCDicomIOS */,
				BE8C392A21863EA4008EB60D /* DCDicomMacOS */,
				BEF2289221864579003339CE /* DCDicomMacOSTests */,
				BEF228A121864589003339CE /* DCDicomIOSTests */,
			);
		};
/* End PBXProject section */

/* Begin PBXResourcesBuildPhase section */
		BE8C391B21863E86008EB60D /* Resources */ = {
			isa = PBXResourcesBuildPhase;
			buildActionMask = 2147483647;
			files = (
				BE1453E621866D2300B287F1 /* LICENSE in Resources */,
				BE5129FC218647D9004DF0B1 /* DicomTransferSyntax.json in Resources */,
			);
			runOnlyForDeploymentPostprocessing = 0;
		};
		BE8C392921863EA4008EB60D /* Resources */ = {
			isa = PBXResourcesBuildPhase;
			buildActionMask = 2147483647;
			files = (
				BE5129FD218647D9004DF0B1 /* DicomTransferSyntax.json in Resources */,
			);
			runOnlyForDeploymentPostprocessing = 0;
		};
		BEF2289121864579003339CE /* Resources */ = {
			isa = PBXResourcesBuildPhase;
			buildActionMask = 2147483647;
			files = (
				BE66DE8021B55DA200821A08 /* SCLERA_OD.dcm in Resources */,
				BE67649321B16A8400C72765 /* TestDicom_Image.dcm in Resources */,
				BE67649021B14FB900C72765 /* TestDicom_PDF.dcm in Resources */,
			);
			runOnlyForDeploymentPostprocessing = 0;
		};
		BEF228A021864589003339CE /* Resources */ = {
			isa = PBXResourcesBuildPhase;
			buildActionMask = 2147483647;
			files = (
				BE66DE8121B55DA200821A08 /* SCLERA_OD.dcm in Resources */,
				BE67649421B16A8400C72765 /* TestDicom_Image.dcm in Resources */,
				BE67649121B14FB900C72765 /* TestDicom_PDF.dcm in Resources */,
			);
			runOnlyForDeploymentPostprocessing = 0;
		};
/* End PBXResourcesBuildPhase section */

/* Begin PBXSourcesBuildPhase section */
		BE8C391921863E86008EB60D /* Sources */ = {
			isa = PBXSourcesBuildPhase;
			buildActionMask = 2147483647;
			files = (
				BE5129BD2186479D004DF0B1 /* DicomDataElementDA.swift in Sources */,
				BE5129C52186479D004DF0B1 /* DicomDataElementUI.swift in Sources */,
				BE5129EF2186479D004DF0B1 /* DicomDataElementOF.swift in Sources */,
				BE5129E92186479D004DF0B1 /* DicomDataElementOL.swift in Sources */,
				BE5129B12186479D004DF0B1 /* DicomVR.swift in Sources */,
				BE5129EB2186479D004DF0B1 /* DicomDataElementOW.swift in Sources */,
				BE5129DD2186479D004DF0B1 /* DicomDataElementUS.swift in Sources */,
				BE5129F52186479D004DF0B1 /* DicomDataElementSQ.swift in Sources */,
				BE5129ED2186479D004DF0B1 /* DicomDataElementUN.swift in Sources */,
				BE5129E72186479D004DF0B1 /* DicomDataElementAT.swift in Sources */,
				BE5129D12186479D004DF0B1 /* DicomDataElementLT.swift in Sources */,
				BE5129C72186479D004DF0B1 /* DicomDataElementSH.swift in Sources */,
				BE5129E32186479D004DF0B1 /* DicomDataElementFL.swift in Sources */,
				BE5129D92186479D004DF0B1 /* DicomDataElementSS.swift in Sources */,
				BE5129BB2186479D004DF0B1 /* DicomDataElementDS.swift in Sources */,
				BE5129C12186479D004DF0B1 /* DicomDataElementDT.swift in Sources */,
				BE5129B92186479D004DF0B1 /* DicomDataElementIS.swift in Sources */,
				BE5129F72186479D004DF0B1 /* DicomDataElementPN.swift in Sources */,
				BE5129B52186479D004DF0B1 /* DicomTag.swift in Sources */,
				BE5129B72186479D004DF0B1 /* DicomObject.swift in Sources */,
				BE5129E52186479D004DF0B1 /* DicomDataElement.swift in Sources */,
				BE5129CD2186479D004DF0B1 /* DicomDataElementCS.swift in Sources */,
				BE5129AF2186479D004DF0B1 /* DicomTransferSyntax.swift in Sources */,
				BE5129C92186479D004DF0B1 /* DicomDataElementUT.swift in Sources */,
				BE5129D72186479D004DF0B1 /* DicomDataElementAE.swift in Sources */,
				BE5129E12186479D004DF0B1 /* DicomDataElementUL.swift in Sources */,
				BE5129BF2186479D004DF0B1 /* DicomDataElementTM.swift in Sources */,
				BE5129D32186479D004DF0B1 /* DicomDataElementLO.swift in Sources */,
				BE5129F12186479D004DF0B1 /* DicomDataElementOD.swift in Sources */,
				BE5129DF2186479D004DF0B1 /* DicomDataElementFD.swift in Sources */,
				BE5129DB2186479D004DF0B1 /* DicomDataElementSL.swift in Sources */,
				BE5129D52186479D004DF0B1 /* DicomDataElementUC.swift in Sources */,
				BE5129B32186479D004DF0B1 /* DicomError.swift in Sources */,
				BE5129CB2186479D004DF0B1 /* DicomDataElementAS.swift in Sources */,
				BE5129F32186479D004DF0B1 /* DicomDataElementOB.swift in Sources */,
				BE5129C32186479D004DF0B1 /* DicomDataElementUR.swift in Sources */,
				BE5129CF2186479D004DF0B1 /* DicomDataElementST.swift in Sources */,
			);
			runOnlyForDeploymentPostprocessing = 0;
		};
		BE8C392721863EA4008EB60D /* Sources */ = {
			isa = PBXSourcesBuildPhase;
			buildActionMask = 2147483647;
			files = (
				BE5129BE2186479D004DF0B1 /* DicomDataElementDA.swift in Sources */,
				BE5129C62186479D004DF0B1 /* DicomDataElementUI.swift in Sources */,
				BE5129F02186479D004DF0B1 /* DicomDataElementOF.swift in Sources */,
				BE5129EA2186479D004DF0B1 /* DicomDataElementOL.swift in Sources */,
				BE5129B22186479D004DF0B1 /* DicomVR.swift in Sources */,
				BE5129EC2186479D004DF0B1 /* DicomDataElementOW.swift in Sources */,
				BE5129DE2186479D004DF0B1 /* DicomDataElementUS.swift in Sources */,
				BE5129F62186479D004DF0B1 /* DicomDataElementSQ.swift in Sources */,
				BE5129EE2186479D004DF0B1 /* DicomDataElementUN.swift in Sources */,
				BE5129E82186479D004DF0B1 /* DicomDataElementAT.swift in Sources */,
				BE5129D22186479D004DF0B1 /* DicomDataElementLT.swift in Sources */,
				BE5129C82186479D004DF0B1 /* DicomDataElementSH.swift in Sources */,
				BE5129E42186479D004DF0B1 /* DicomDataElementFL.swift in Sources */,
				BE5129DA2186479D004DF0B1 /* DicomDataElementSS.swift in Sources */,
				BE5129BC2186479D004DF0B1 /* DicomDataElementDS.swift in Sources */,
				BE5129C22186479D004DF0B1 /* DicomDataElementDT.swift in Sources */,
				BE5129BA2186479D004DF0B1 /* DicomDataElementIS.swift in Sources */,
				BE5129F82186479D004DF0B1 /* DicomDataElementPN.swift in Sources */,
				BE5129B62186479D004DF0B1 /* DicomTag.swift in Sources */,
				BE5129B82186479D004DF0B1 /* DicomObject.swift in Sources */,
				BE5129E62186479D004DF0B1 /* DicomDataElement.swift in Sources */,
				BE5129CE2186479D004DF0B1 /* DicomDataElementCS.swift in Sources */,
				BE5129B02186479D004DF0B1 /* DicomTransferSyntax.swift in Sources */,
				BE5129CA2186479D004DF0B1 /* DicomDataElementUT.swift in Sources */,
				BE5129D82186479D004DF0B1 /* DicomDataElementAE.swift in Sources */,
				BE5129E22186479D004DF0B1 /* DicomDataElementUL.swift in Sources */,
				BE5129C02186479D004DF0B1 /* DicomDataElementTM.swift in Sources */,
				BE5129D42186479D004DF0B1 /* DicomDataElementLO.swift in Sources */,
				BE5129F22186479D004DF0B1 /* DicomDataElementOD.swift in Sources */,
				BE5129E02186479D004DF0B1 /* DicomDataElementFD.swift in Sources */,
				BE5129DC2186479D004DF0B1 /* DicomDataElementSL.swift in Sources */,
				BE5129D62186479D004DF0B1 /* DicomDataElementUC.swift in Sources */,
				BE5129B42186479D004DF0B1 /* DicomError.swift in Sources */,
				BE5129CC2186479D004DF0B1 /* DicomDataElementAS.swift in Sources */,
				BE5129F42186479D004DF0B1 /* DicomDataElementOB.swift in Sources */,
				BE5129C42186479D004DF0B1 /* DicomDataElementUR.swift in Sources */,
				BE5129D02186479D004DF0B1 /* DicomDataElementST.swift in Sources */,
			);
			runOnlyForDeploymentPostprocessing = 0;
		};
		BEF2288F21864579003339CE /* Sources */ = {
			isa = PBXSourcesBuildPhase;
			buildActionMask = 2147483647;
			files = (
				BE727620219483FF00A43AE7 /* DicomDataElementTests.swift in Sources */,
				BE67648C21B14AB500C72765 /* DicomObjectTests.swift in Sources */,
			);
			runOnlyForDeploymentPostprocessing = 0;
		};
		BEF2289E21864589003339CE /* Sources */ = {
			isa = PBXSourcesBuildPhase;
			buildActionMask = 2147483647;
			files = (
				BE72761F219483FE00A43AE7 /* DicomDataElementTests.swift in Sources */,
				BE67648D21B14AB600C72765 /* DicomObjectTests.swift in Sources */,
			);
			runOnlyForDeploymentPostprocessing = 0;
		};
/* End PBXSourcesBuildPhase section */

/* Begin PBXTargetDependency section */
		BEF2289A2186457A003339CE /* PBXTargetDependency */ = {
			isa = PBXTargetDependency;
			target = BE8C392A21863EA4008EB60D /* DCDicomMacOS */;
			targetProxy = BEF228992186457A003339CE /* PBXContainerItemProxy */;
		};
		BEF228A921864589003339CE /* PBXTargetDependency */ = {
			isa = PBXTargetDependency;
			target = BE8C391C21863E86008EB60D /* DCDicomIOS */;
			targetProxy = BEF228A821864589003339CE /* PBXContainerItemProxy */;
		};
/* End PBXTargetDependency section */

/* Begin XCBuildConfiguration section */
		BE8C391621863E34008EB60D /* Debug */ = {
			isa = XCBuildConfiguration;
			buildSettings = {
				CLANG_WARN_BLOCK_CAPTURE_AUTORELEASING = YES;
				CLANG_WARN_BOOL_CONVERSION = YES;
				CLANG_WARN_COMMA = YES;
				CLANG_WARN_CONSTANT_CONVERSION = YES;
				CLANG_WARN_DEPRECATED_OBJC_IMPLEMENTATIONS = YES;
				CLANG_WARN_EMPTY_BODY = YES;
				CLANG_WARN_ENUM_CONVERSION = YES;
				CLANG_WARN_INFINITE_RECURSION = YES;
				CLANG_WARN_INT_CONVERSION = YES;
				CLANG_WARN_NON_LITERAL_NULL_CONVERSION = YES;
				CLANG_WARN_OBJC_IMPLICIT_RETAIN_SELF = YES;
				CLANG_WARN_OBJC_LITERAL_CONVERSION = YES;
				CLANG_WARN_RANGE_LOOP_ANALYSIS = YES;
				CLANG_WARN_STRICT_PROTOTYPES = YES;
				CLANG_WARN_SUSPICIOUS_MOVE = YES;
				CLANG_WARN_UNREACHABLE_CODE = YES;
				CLANG_WARN__DUPLICATE_METHOD_MATCH = YES;
				ENABLE_STRICT_OBJC_MSGSEND = YES;
				ENABLE_TESTABILITY = YES;
				GCC_NO_COMMON_BLOCKS = YES;
				GCC_WARN_64_TO_32_BIT_CONVERSION = YES;
				GCC_WARN_ABOUT_RETURN_TYPE = YES;
				GCC_WARN_UNDECLARED_SELECTOR = YES;
				GCC_WARN_UNINITIALIZED_AUTOS = YES;
				GCC_WARN_UNUSED_FUNCTION = YES;
				GCC_WARN_UNUSED_VARIABLE = YES;
				IPHONEOS_DEPLOYMENT_TARGET = 8.0;
				MACOSX_DEPLOYMENT_TARGET = 10.9;
				ONLY_ACTIVE_ARCH = YES;
				SWIFT_ENABLE_BATCH_MODE = NO;
				SWIFT_VERSION = 5.0;
			};
			name = Debug;
		};
		BE8C391721863E34008EB60D /* Release */ = {
			isa = XCBuildConfiguration;
			buildSettings = {
				CLANG_WARN_BLOCK_CAPTURE_AUTORELEASING = YES;
				CLANG_WARN_BOOL_CONVERSION = YES;
				CLANG_WARN_COMMA = YES;
				CLANG_WARN_CONSTANT_CONVERSION = YES;
				CLANG_WARN_DEPRECATED_OBJC_IMPLEMENTATIONS = YES;
				CLANG_WARN_EMPTY_BODY = YES;
				CLANG_WARN_ENUM_CONVERSION = YES;
				CLANG_WARN_INFINITE_RECURSION = YES;
				CLANG_WARN_INT_CONVERSION = YES;
				CLANG_WARN_NON_LITERAL_NULL_CONVERSION = YES;
				CLANG_WARN_OBJC_IMPLICIT_RETAIN_SELF = YES;
				CLANG_WARN_OBJC_LITERAL_CONVERSION = YES;
				CLANG_WARN_RANGE_LOOP_ANALYSIS = YES;
				CLANG_WARN_STRICT_PROTOTYPES = YES;
				CLANG_WARN_SUSPICIOUS_MOVE = YES;
				CLANG_WARN_UNREACHABLE_CODE = YES;
				CLANG_WARN__DUPLICATE_METHOD_MATCH = YES;
				ENABLE_STRICT_OBJC_MSGSEND = YES;
				GCC_NO_COMMON_BLOCKS = YES;
				GCC_WARN_64_TO_32_BIT_CONVERSION = YES;
				GCC_WARN_ABOUT_RETURN_TYPE = YES;
				GCC_WARN_UNDECLARED_SELECTOR = YES;
				GCC_WARN_UNINITIALIZED_AUTOS = YES;
				GCC_WARN_UNUSED_FUNCTION = YES;
				GCC_WARN_UNUSED_VARIABLE = YES;
				IPHONEOS_DEPLOYMENT_TARGET = 8.0;
				MACOSX_DEPLOYMENT_TARGET = 10.9;
				SWIFT_ENABLE_BATCH_MODE = NO;
				SWIFT_VERSION = 5.0;
			};
			name = Release;
		};
		BE8C392421863E86008EB60D /* Debug */ = {
			isa = XCBuildConfiguration;
			buildSettings = {
				ALWAYS_SEARCH_USER_PATHS = NO;
				CLANG_ANALYZER_NONNULL = YES;
				CLANG_ANALYZER_NUMBER_OBJECT_CONVERSION = YES_AGGRESSIVE;
				CLANG_CXX_LANGUAGE_STANDARD = "gnu++14";
				CLANG_CXX_LIBRARY = "libc++";
				CLANG_ENABLE_MODULES = YES;
				CLANG_ENABLE_OBJC_ARC = YES;
				CLANG_ENABLE_OBJC_WEAK = YES;
				CLANG_WARN_BLOCK_CAPTURE_AUTORELEASING = YES;
				CLANG_WARN_BOOL_CONVERSION = YES;
				CLANG_WARN_COMMA = YES;
				CLANG_WARN_CONSTANT_CONVERSION = YES;
				CLANG_WARN_DEPRECATED_OBJC_IMPLEMENTATIONS = YES;
				CLANG_WARN_DIRECT_OBJC_ISA_USAGE = YES_ERROR;
				CLANG_WARN_DOCUMENTATION_COMMENTS = YES;
				CLANG_WARN_EMPTY_BODY = YES;
				CLANG_WARN_ENUM_CONVERSION = YES;
				CLANG_WARN_INFINITE_RECURSION = YES;
				CLANG_WARN_INT_CONVERSION = YES;
				CLANG_WARN_NON_LITERAL_NULL_CONVERSION = YES;
				CLANG_WARN_OBJC_IMPLICIT_RETAIN_SELF = YES;
				CLANG_WARN_OBJC_LITERAL_CONVERSION = YES;
				CLANG_WARN_OBJC_ROOT_CLASS = YES_ERROR;
				CLANG_WARN_RANGE_LOOP_ANALYSIS = YES;
				CLANG_WARN_STRICT_PROTOTYPES = YES;
				CLANG_WARN_SUSPICIOUS_MOVE = YES;
				CLANG_WARN_UNGUARDED_AVAILABILITY = YES_AGGRESSIVE;
				CLANG_WARN_UNREACHABLE_CODE = YES;
				CLANG_WARN__DUPLICATE_METHOD_MATCH = YES;
				CODE_SIGN_IDENTITY = "";
				CODE_SIGN_STYLE = Automatic;
				COPY_PHASE_STRIP = NO;
				CURRENT_PROJECT_VERSION = 2;
				DEBUG_INFORMATION_FORMAT = dwarf;
				DEFINES_MODULE = YES;
				DEVELOPMENT_TEAM = SL4L44Q2J9;
				DYLIB_COMPATIBILITY_VERSION = 1;
				DYLIB_CURRENT_VERSION = 1;
				DYLIB_INSTALL_NAME_BASE = "@rpath";
				ENABLE_STRICT_OBJC_MSGSEND = YES;
				ENABLE_TESTABILITY = YES;
				GCC_C_LANGUAGE_STANDARD = gnu11;
				GCC_DYNAMIC_NO_PIC = NO;
				GCC_NO_COMMON_BLOCKS = YES;
				GCC_OPTIMIZATION_LEVEL = 0;
				GCC_PREPROCESSOR_DEFINITIONS = (
					"DEBUG=1",
					"$(inherited)",
				);
				GCC_WARN_64_TO_32_BIT_CONVERSION = YES;
				GCC_WARN_ABOUT_RETURN_TYPE = YES_ERROR;
				GCC_WARN_UNDECLARED_SELECTOR = YES;
				GCC_WARN_UNINITIALIZED_AUTOS = YES_AGGRESSIVE;
				GCC_WARN_UNUSED_FUNCTION = YES;
				GCC_WARN_UNUSED_VARIABLE = YES;
				INFOPLIST_FILE = Sources/Info.plist;
				INSTALL_PATH = "$(LOCAL_LIBRARY_DIR)/Frameworks";
				IPHONEOS_DEPLOYMENT_TARGET = 8.0;
				LD_RUNPATH_SEARCH_PATHS = (
					"$(inherited)",
					"@executable_path/Frameworks",
					"@loader_path/Frameworks",
				);
				MTL_ENABLE_DEBUG_INFO = INCLUDE_SOURCE;
				MTL_FAST_MATH = YES;
				ONLY_ACTIVE_ARCH = YES;
				PRODUCT_BUNDLE_IDENTIFIER = "com.d-csm.DCDicomIOS";
				PRODUCT_NAME = DCDicom;
				SDKROOT = iphoneos;
				SKIP_INSTALL = YES;
				SWIFT_ACTIVE_COMPILATION_CONDITIONS = DEBUG;
				SWIFT_OPTIMIZATION_LEVEL = "-Onone";
				SWIFT_VERSION = 5.0;
				TARGETED_DEVICE_FAMILY = "1,2";
				VERSIONING_SYSTEM = "apple-generic";
				VERSION_INFO_PREFIX = "";
			};
			name = Debug;
		};
		BE8C392521863E86008EB60D /* Release */ = {
			isa = XCBuildConfiguration;
			buildSettings = {
				ALWAYS_SEARCH_USER_PATHS = NO;
				CLANG_ANALYZER_NONNULL = YES;
				CLANG_ANALYZER_NUMBER_OBJECT_CONVERSION = YES_AGGRESSIVE;
				CLANG_CXX_LANGUAGE_STANDARD = "gnu++14";
				CLANG_CXX_LIBRARY = "libc++";
				CLANG_ENABLE_MODULES = YES;
				CLANG_ENABLE_OBJC_ARC = YES;
				CLANG_ENABLE_OBJC_WEAK = YES;
				CLANG_WARN_BLOCK_CAPTURE_AUTORELEASING = YES;
				CLANG_WARN_BOOL_CONVERSION = YES;
				CLANG_WARN_COMMA = YES;
				CLANG_WARN_CONSTANT_CONVERSION = YES;
				CLANG_WARN_DEPRECATED_OBJC_IMPLEMENTATIONS = YES;
				CLANG_WARN_DIRECT_OBJC_ISA_USAGE = YES_ERROR;
				CLANG_WARN_DOCUMENTATION_COMMENTS = YES;
				CLANG_WARN_EMPTY_BODY = YES;
				CLANG_WARN_ENUM_CONVERSION = YES;
				CLANG_WARN_INFINITE_RECURSION = YES;
				CLANG_WARN_INT_CONVERSION = YES;
				CLANG_WARN_NON_LITERAL_NULL_CONVERSION = YES;
				CLANG_WARN_OBJC_IMPLICIT_RETAIN_SELF = YES;
				CLANG_WARN_OBJC_LITERAL_CONVERSION = YES;
				CLANG_WARN_OBJC_ROOT_CLASS = YES_ERROR;
				CLANG_WARN_RANGE_LOOP_ANALYSIS = YES;
				CLANG_WARN_STRICT_PROTOTYPES = YES;
				CLANG_WARN_SUSPICIOUS_MOVE = YES;
				CLANG_WARN_UNGUARDED_AVAILABILITY = YES_AGGRESSIVE;
				CLANG_WARN_UNREACHABLE_CODE = YES;
				CLANG_WARN__DUPLICATE_METHOD_MATCH = YES;
				CODE_SIGN_IDENTITY = "";
				CODE_SIGN_STYLE = Automatic;
				COPY_PHASE_STRIP = NO;
				CURRENT_PROJECT_VERSION = 2;
				DEBUG_INFORMATION_FORMAT = "dwarf-with-dsym";
				DEFINES_MODULE = YES;
				DEVELOPMENT_TEAM = SL4L44Q2J9;
				DYLIB_COMPATIBILITY_VERSION = 1;
				DYLIB_CURRENT_VERSION = 1;
				DYLIB_INSTALL_NAME_BASE = "@rpath";
				ENABLE_NS_ASSERTIONS = NO;
				ENABLE_STRICT_OBJC_MSGSEND = YES;
				GCC_C_LANGUAGE_STANDARD = gnu11;
				GCC_NO_COMMON_BLOCKS = YES;
				GCC_WARN_64_TO_32_BIT_CONVERSION = YES;
				GCC_WARN_ABOUT_RETURN_TYPE = YES_ERROR;
				GCC_WARN_UNDECLARED_SELECTOR = YES;
				GCC_WARN_UNINITIALIZED_AUTOS = YES_AGGRESSIVE;
				GCC_WARN_UNUSED_FUNCTION = YES;
				GCC_WARN_UNUSED_VARIABLE = YES;
				INFOPLIST_FILE = Sources/Info.plist;
				INSTALL_PATH = "$(LOCAL_LIBRARY_DIR)/Frameworks";
				IPHONEOS_DEPLOYMENT_TARGET = 8.0;
				LD_RUNPATH_SEARCH_PATHS = (
					"$(inherited)",
					"@executable_path/Frameworks",
					"@loader_path/Frameworks",
				);
				MTL_ENABLE_DEBUG_INFO = NO;
				MTL_FAST_MATH = YES;
				PRODUCT_BUNDLE_IDENTIFIER = "com.d-csm.DCDicomIOS";
				PRODUCT_NAME = DCDicom;
				SDKROOT = iphoneos;
				SKIP_INSTALL = YES;
				SWIFT_COMPILATION_MODE = wholemodule;
				SWIFT_OPTIMIZATION_LEVEL = "-O";
				SWIFT_VERSION = 5.0;
				TARGETED_DEVICE_FAMILY = "1,2";
				VALIDATE_PRODUCT = YES;
				VERSIONING_SYSTEM = "apple-generic";
				VERSION_INFO_PREFIX = "";
			};
			name = Release;
		};
		BE8C393121863EA4008EB60D /* Debug */ = {
			isa = XCBuildConfiguration;
			buildSettings = {
				ALWAYS_SEARCH_USER_PATHS = NO;
				CLANG_ANALYZER_NONNULL = YES;
				CLANG_ANALYZER_NUMBER_OBJECT_CONVERSION = YES_AGGRESSIVE;
				CLANG_CXX_LANGUAGE_STANDARD = "gnu++14";
				CLANG_CXX_LIBRARY = "libc++";
				CLANG_ENABLE_MODULES = YES;
				CLANG_ENABLE_OBJC_ARC = YES;
				CLANG_ENABLE_OBJC_WEAK = YES;
				CLANG_WARN_BLOCK_CAPTURE_AUTORELEASING = YES;
				CLANG_WARN_BOOL_CONVERSION = YES;
				CLANG_WARN_COMMA = YES;
				CLANG_WARN_CONSTANT_CONVERSION = YES;
				CLANG_WARN_DEPRECATED_OBJC_IMPLEMENTATIONS = YES;
				CLANG_WARN_DIRECT_OBJC_ISA_USAGE = YES_ERROR;
				CLANG_WARN_DOCUMENTATION_COMMENTS = YES;
				CLANG_WARN_EMPTY_BODY = YES;
				CLANG_WARN_ENUM_CONVERSION = YES;
				CLANG_WARN_INFINITE_RECURSION = YES;
				CLANG_WARN_INT_CONVERSION = YES;
				CLANG_WARN_NON_LITERAL_NULL_CONVERSION = YES;
				CLANG_WARN_OBJC_IMPLICIT_RETAIN_SELF = YES;
				CLANG_WARN_OBJC_LITERAL_CONVERSION = YES;
				CLANG_WARN_OBJC_ROOT_CLASS = YES_ERROR;
				CLANG_WARN_RANGE_LOOP_ANALYSIS = YES;
				CLANG_WARN_STRICT_PROTOTYPES = YES;
				CLANG_WARN_SUSPICIOUS_MOVE = YES;
				CLANG_WARN_UNGUARDED_AVAILABILITY = YES_AGGRESSIVE;
				CLANG_WARN_UNREACHABLE_CODE = YES;
				CLANG_WARN__DUPLICATE_METHOD_MATCH = YES;
				CODE_SIGN_IDENTITY = "";
				CODE_SIGN_STYLE = Automatic;
				COMBINE_HIDPI_IMAGES = YES;
				COPY_PHASE_STRIP = NO;
				CURRENT_PROJECT_VERSION = 2;
				DEBUG_INFORMATION_FORMAT = dwarf;
				DEFINES_MODULE = YES;
				DEVELOPMENT_TEAM = SL4L44Q2J9;
				DYLIB_COMPATIBILITY_VERSION = 1;
				DYLIB_CURRENT_VERSION = 1;
				DYLIB_INSTALL_NAME_BASE = "@rpath";
				ENABLE_STRICT_OBJC_MSGSEND = YES;
				ENABLE_TESTABILITY = YES;
				FRAMEWORK_VERSION = A;
				GCC_C_LANGUAGE_STANDARD = gnu11;
				GCC_DYNAMIC_NO_PIC = NO;
				GCC_NO_COMMON_BLOCKS = YES;
				GCC_OPTIMIZATION_LEVEL = 0;
				GCC_PREPROCESSOR_DEFINITIONS = (
					"DEBUG=1",
					"$(inherited)",
				);
				GCC_WARN_64_TO_32_BIT_CONVERSION = YES;
				GCC_WARN_ABOUT_RETURN_TYPE = YES_ERROR;
				GCC_WARN_UNDECLARED_SELECTOR = YES;
				GCC_WARN_UNINITIALIZED_AUTOS = YES_AGGRESSIVE;
				GCC_WARN_UNUSED_FUNCTION = YES;
				GCC_WARN_UNUSED_VARIABLE = YES;
				INFOPLIST_FILE = Sources/Info.plist;
				INSTALL_PATH = "$(LOCAL_LIBRARY_DIR)/Frameworks";
				LD_RUNPATH_SEARCH_PATHS = (
					"$(inherited)",
					"@executable_path/../Frameworks",
					"@loader_path/Frameworks",
				);
				MACOSX_DEPLOYMENT_TARGET = 10.9;
				MTL_ENABLE_DEBUG_INFO = INCLUDE_SOURCE;
				MTL_FAST_MATH = YES;
				ONLY_ACTIVE_ARCH = YES;
				PRODUCT_BUNDLE_IDENTIFIER = "com.d-csm.DCDicomMacOS";
				PRODUCT_NAME = DCDicom;
				SDKROOT = macosx;
				SKIP_INSTALL = YES;
				SWIFT_ACTIVE_COMPILATION_CONDITIONS = DEBUG;
				SWIFT_OPTIMIZATION_LEVEL = "-Onone";
				SWIFT_VERSION = 5.0;
				VERSIONING_SYSTEM = "apple-generic";
				VERSION_INFO_PREFIX = "";
			};
			name = Debug;
		};
		BE8C393221863EA4008EB60D /* Release */ = {
			isa = XCBuildConfiguration;
			buildSettings = {
				ALWAYS_SEARCH_USER_PATHS = NO;
				CLANG_ANALYZER_NONNULL = YES;
				CLANG_ANALYZER_NUMBER_OBJECT_CONVERSION = YES_AGGRESSIVE;
				CLANG_CXX_LANGUAGE_STANDARD = "gnu++14";
				CLANG_CXX_LIBRARY = "libc++";
				CLANG_ENABLE_MODULES = YES;
				CLANG_ENABLE_OBJC_ARC = YES;
				CLANG_ENABLE_OBJC_WEAK = YES;
				CLANG_WARN_BLOCK_CAPTURE_AUTORELEASING = YES;
				CLANG_WARN_BOOL_CONVERSION = YES;
				CLANG_WARN_COMMA = YES;
				CLANG_WARN_CONSTANT_CONVERSION = YES;
				CLANG_WARN_DEPRECATED_OBJC_IMPLEMENTATIONS = YES;
				CLANG_WARN_DIRECT_OBJC_ISA_USAGE = YES_ERROR;
				CLANG_WARN_DOCUMENTATION_COMMENTS = YES;
				CLANG_WARN_EMPTY_BODY = YES;
				CLANG_WARN_ENUM_CONVERSION = YES;
				CLANG_WARN_INFINITE_RECURSION = YES;
				CLANG_WARN_INT_CONVERSION = YES;
				CLANG_WARN_NON_LITERAL_NULL_CONVERSION = YES;
				CLANG_WARN_OBJC_IMPLICIT_RETAIN_SELF = YES;
				CLANG_WARN_OBJC_LITERAL_CONVERSION = YES;
				CLANG_WARN_OBJC_ROOT_CLASS = YES_ERROR;
				CLANG_WARN_RANGE_LOOP_ANALYSIS = YES;
				CLANG_WARN_STRICT_PROTOTYPES = YES;
				CLANG_WARN_SUSPICIOUS_MOVE = YES;
				CLANG_WARN_UNGUARDED_AVAILABILITY = YES_AGGRESSIVE;
				CLANG_WARN_UNREACHABLE_CODE = YES;
				CLANG_WARN__DUPLICATE_METHOD_MATCH = YES;
				CODE_SIGN_IDENTITY = "";
				CODE_SIGN_STYLE = Automatic;
				COMBINE_HIDPI_IMAGES = YES;
				COPY_PHASE_STRIP = NO;
				CURRENT_PROJECT_VERSION = 2;
				DEBUG_INFORMATION_FORMAT = "dwarf-with-dsym";
				DEFINES_MODULE = YES;
				DEVELOPMENT_TEAM = SL4L44Q2J9;
				DYLIB_COMPATIBILITY_VERSION = 1;
				DYLIB_CURRENT_VERSION = 1;
				DYLIB_INSTALL_NAME_BASE = "@rpath";
				ENABLE_NS_ASSERTIONS = NO;
				ENABLE_STRICT_OBJC_MSGSEND = YES;
				FRAMEWORK_VERSION = A;
				GCC_C_LANGUAGE_STANDARD = gnu11;
				GCC_NO_COMMON_BLOCKS = YES;
				GCC_WARN_64_TO_32_BIT_CONVERSION = YES;
				GCC_WARN_ABOUT_RETURN_TYPE = YES_ERROR;
				GCC_WARN_UNDECLARED_SELECTOR = YES;
				GCC_WARN_UNINITIALIZED_AUTOS = YES_AGGRESSIVE;
				GCC_WARN_UNUSED_FUNCTION = YES;
				GCC_WARN_UNUSED_VARIABLE = YES;
				INFOPLIST_FILE = Sources/Info.plist;
				INSTALL_PATH = "$(LOCAL_LIBRARY_DIR)/Frameworks";
				LD_RUNPATH_SEARCH_PATHS = (
					"$(inherited)",
					"@executable_path/../Frameworks",
					"@loader_path/Frameworks",
				);
				MACOSX_DEPLOYMENT_TARGET = 10.9;
				MTL_ENABLE_DEBUG_INFO = NO;
				MTL_FAST_MATH = YES;
				PRODUCT_BUNDLE_IDENTIFIER = "com.d-csm.DCDicomMacOS";
				PRODUCT_NAME = DCDicom;
				SDKROOT = macosx;
				SKIP_INSTALL = YES;
				SWIFT_COMPILATION_MODE = wholemodule;
				SWIFT_OPTIMIZATION_LEVEL = "-O";
				SWIFT_VERSION = 5.0;
				VERSIONING_SYSTEM = "apple-generic";
				VERSION_INFO_PREFIX = "";
			};
			name = Release;
		};
		BEF2289C2186457A003339CE /* Debug */ = {
			isa = XCBuildConfiguration;
			buildSettings = {
				ALWAYS_EMBED_SWIFT_STANDARD_LIBRARIES = YES;
				ALWAYS_SEARCH_USER_PATHS = NO;
				CLANG_ANALYZER_NONNULL = YES;
				CLANG_ANALYZER_NUMBER_OBJECT_CONVERSION = YES_AGGRESSIVE;
				CLANG_CXX_LANGUAGE_STANDARD = "gnu++14";
				CLANG_CXX_LIBRARY = "libc++";
				CLANG_ENABLE_MODULES = YES;
				CLANG_ENABLE_OBJC_ARC = YES;
				CLANG_ENABLE_OBJC_WEAK = YES;
				CLANG_WARN_BLOCK_CAPTURE_AUTORELEASING = YES;
				CLANG_WARN_BOOL_CONVERSION = YES;
				CLANG_WARN_COMMA = YES;
				CLANG_WARN_CONSTANT_CONVERSION = YES;
				CLANG_WARN_DEPRECATED_OBJC_IMPLEMENTATIONS = YES;
				CLANG_WARN_DIRECT_OBJC_ISA_USAGE = YES_ERROR;
				CLANG_WARN_DOCUMENTATION_COMMENTS = YES;
				CLANG_WARN_EMPTY_BODY = YES;
				CLANG_WARN_ENUM_CONVERSION = YES;
				CLANG_WARN_INFINITE_RECURSION = YES;
				CLANG_WARN_INT_CONVERSION = YES;
				CLANG_WARN_NON_LITERAL_NULL_CONVERSION = YES;
				CLANG_WARN_OBJC_IMPLICIT_RETAIN_SELF = YES;
				CLANG_WARN_OBJC_LITERAL_CONVERSION = YES;
				CLANG_WARN_OBJC_ROOT_CLASS = YES_ERROR;
				CLANG_WARN_RANGE_LOOP_ANALYSIS = YES;
				CLANG_WARN_STRICT_PROTOTYPES = YES;
				CLANG_WARN_SUSPICIOUS_MOVE = YES;
				CLANG_WARN_UNGUARDED_AVAILABILITY = YES_AGGRESSIVE;
				CLANG_WARN_UNREACHABLE_CODE = YES;
				CLANG_WARN__DUPLICATE_METHOD_MATCH = YES;
				CODE_SIGN_IDENTITY = "Mac Developer";
				CODE_SIGN_STYLE = Automatic;
				COMBINE_HIDPI_IMAGES = YES;
				COPY_PHASE_STRIP = NO;
				DEBUG_INFORMATION_FORMAT = dwarf;
				DEVELOPMENT_TEAM = SL4L44Q2J9;
				ENABLE_STRICT_OBJC_MSGSEND = YES;
				ENABLE_TESTABILITY = YES;
				GCC_C_LANGUAGE_STANDARD = gnu11;
				GCC_DYNAMIC_NO_PIC = NO;
				GCC_NO_COMMON_BLOCKS = YES;
				GCC_OPTIMIZATION_LEVEL = 0;
				GCC_PREPROCESSOR_DEFINITIONS = (
					"DEBUG=1",
					"$(inherited)",
				);
				GCC_WARN_64_TO_32_BIT_CONVERSION = YES;
				GCC_WARN_ABOUT_RETURN_TYPE = YES_ERROR;
				GCC_WARN_UNDECLARED_SELECTOR = YES;
				GCC_WARN_UNINITIALIZED_AUTOS = YES_AGGRESSIVE;
				GCC_WARN_UNUSED_FUNCTION = YES;
				GCC_WARN_UNUSED_VARIABLE = YES;
				INFOPLIST_FILE = Tests/Info.plist;
				LD_RUNPATH_SEARCH_PATHS = (
					"$(inherited)",
					"@executable_path/../Frameworks",
					"@loader_path/../Frameworks",
				);
				MACOSX_DEPLOYMENT_TARGET = 10.14;
				MTL_ENABLE_DEBUG_INFO = INCLUDE_SOURCE;
				MTL_FAST_MATH = YES;
				ONLY_ACTIVE_ARCH = YES;
				PRODUCT_BUNDLE_IDENTIFIER = "com.d-csm.DCDicomMacOSTests";
				PRODUCT_NAME = "$(TARGET_NAME)";
				SDKROOT = macosx;
				SWIFT_ACTIVE_COMPILATION_CONDITIONS = DEBUG;
				SWIFT_OPTIMIZATION_LEVEL = "-Onone";
				SWIFT_VERSION = 5.0;
			};
			name = Debug;
		};
		BEF2289D2186457A003339CE /* Release */ = {
			isa = XCBuildConfiguration;
			buildSettings = {
				ALWAYS_EMBED_SWIFT_STANDARD_LIBRARIES = YES;
				ALWAYS_SEARCH_USER_PATHS = NO;
				CLANG_ANALYZER_NONNULL = YES;
				CLANG_ANALYZER_NUMBER_OBJECT_CONVERSION = YES_AGGRESSIVE;
				CLANG_CXX_LANGUAGE_STANDARD = "gnu++14";
				CLANG_CXX_LIBRARY = "libc++";
				CLANG_ENABLE_MODULES = YES;
				CLANG_ENABLE_OBJC_ARC = YES;
				CLANG_ENABLE_OBJC_WEAK = YES;
				CLANG_WARN_BLOCK_CAPTURE_AUTORELEASING = YES;
				CLANG_WARN_BOOL_CONVERSION = YES;
				CLANG_WARN_COMMA = YES;
				CLANG_WARN_CONSTANT_CONVERSION = YES;
				CLANG_WARN_DEPRECATED_OBJC_IMPLEMENTATIONS = YES;
				CLANG_WARN_DIRECT_OBJC_ISA_USAGE = YES_ERROR;
				CLANG_WARN_DOCUMENTATION_COMMENTS = YES;
				CLANG_WARN_EMPTY_BODY = YES;
				CLANG_WARN_ENUM_CONVERSION = YES;
				CLANG_WARN_INFINITE_RECURSION = YES;
				CLANG_WARN_INT_CONVERSION = YES;
				CLANG_WARN_NON_LITERAL_NULL_CONVERSION = YES;
				CLANG_WARN_OBJC_IMPLICIT_RETAIN_SELF = YES;
				CLANG_WARN_OBJC_LITERAL_CONVERSION = YES;
				CLANG_WARN_OBJC_ROOT_CLASS = YES_ERROR;
				CLANG_WARN_RANGE_LOOP_ANALYSIS = YES;
				CLANG_WARN_STRICT_PROTOTYPES = YES;
				CLANG_WARN_SUSPICIOUS_MOVE = YES;
				CLANG_WARN_UNGUARDED_AVAILABILITY = YES_AGGRESSIVE;
				CLANG_WARN_UNREACHABLE_CODE = YES;
				CLANG_WARN__DUPLICATE_METHOD_MATCH = YES;
				CODE_SIGN_IDENTITY = "Mac Developer";
				CODE_SIGN_STYLE = Automatic;
				COMBINE_HIDPI_IMAGES = YES;
				COPY_PHASE_STRIP = NO;
				DEBUG_INFORMATION_FORMAT = "dwarf-with-dsym";
				DEVELOPMENT_TEAM = SL4L44Q2J9;
				ENABLE_NS_ASSERTIONS = NO;
				ENABLE_STRICT_OBJC_MSGSEND = YES;
				GCC_C_LANGUAGE_STANDARD = gnu11;
				GCC_NO_COMMON_BLOCKS = YES;
				GCC_WARN_64_TO_32_BIT_CONVERSION = YES;
				GCC_WARN_ABOUT_RETURN_TYPE = YES_ERROR;
				GCC_WARN_UNDECLARED_SELECTOR = YES;
				GCC_WARN_UNINITIALIZED_AUTOS = YES_AGGRESSIVE;
				GCC_WARN_UNUSED_FUNCTION = YES;
				GCC_WARN_UNUSED_VARIABLE = YES;
				INFOPLIST_FILE = Tests/Info.plist;
				LD_RUNPATH_SEARCH_PATHS = (
					"$(inherited)",
					"@executable_path/../Frameworks",
					"@loader_path/../Frameworks",
				);
				MACOSX_DEPLOYMENT_TARGET = 10.14;
				MTL_ENABLE_DEBUG_INFO = NO;
				MTL_FAST_MATH = YES;
				PRODUCT_BUNDLE_IDENTIFIER = "com.d-csm.DCDicomMacOSTests";
				PRODUCT_NAME = "$(TARGET_NAME)";
				SDKROOT = macosx;
				SWIFT_COMPILATION_MODE = wholemodule;
				SWIFT_OPTIMIZATION_LEVEL = "-O";
				SWIFT_VERSION = 5.0;
			};
			name = Release;
		};
		BEF228AB21864589003339CE /* Debug */ = {
			isa = XCBuildConfiguration;
			buildSettings = {
				ALWAYS_EMBED_SWIFT_STANDARD_LIBRARIES = YES;
				ALWAYS_SEARCH_USER_PATHS = NO;
				CLANG_ANALYZER_NONNULL = YES;
				CLANG_ANALYZER_NUMBER_OBJECT_CONVERSION = YES_AGGRESSIVE;
				CLANG_CXX_LANGUAGE_STANDARD = "gnu++14";
				CLANG_CXX_LIBRARY = "libc++";
				CLANG_ENABLE_MODULES = YES;
				CLANG_ENABLE_OBJC_ARC = YES;
				CLANG_ENABLE_OBJC_WEAK = YES;
				CLANG_WARN_BLOCK_CAPTURE_AUTORELEASING = YES;
				CLANG_WARN_BOOL_CONVERSION = YES;
				CLANG_WARN_COMMA = YES;
				CLANG_WARN_CONSTANT_CONVERSION = YES;
				CLANG_WARN_DEPRECATED_OBJC_IMPLEMENTATIONS = YES;
				CLANG_WARN_DIRECT_OBJC_ISA_USAGE = YES_ERROR;
				CLANG_WARN_DOCUMENTATION_COMMENTS = YES;
				CLANG_WARN_EMPTY_BODY = YES;
				CLANG_WARN_ENUM_CONVERSION = YES;
				CLANG_WARN_INFINITE_RECURSION = YES;
				CLANG_WARN_INT_CONVERSION = YES;
				CLANG_WARN_NON_LITERAL_NULL_CONVERSION = YES;
				CLANG_WARN_OBJC_IMPLICIT_RETAIN_SELF = YES;
				CLANG_WARN_OBJC_LITERAL_CONVERSION = YES;
				CLANG_WARN_OBJC_ROOT_CLASS = YES_ERROR;
				CLANG_WARN_RANGE_LOOP_ANALYSIS = YES;
				CLANG_WARN_STRICT_PROTOTYPES = YES;
				CLANG_WARN_SUSPICIOUS_MOVE = YES;
				CLANG_WARN_UNGUARDED_AVAILABILITY = YES_AGGRESSIVE;
				CLANG_WARN_UNREACHABLE_CODE = YES;
				CLANG_WARN__DUPLICATE_METHOD_MATCH = YES;
				CODE_SIGN_IDENTITY = "iPhone Developer";
				CODE_SIGN_STYLE = Automatic;
				COPY_PHASE_STRIP = NO;
				DEBUG_INFORMATION_FORMAT = dwarf;
				DEVELOPMENT_TEAM = SL4L44Q2J9;
				ENABLE_STRICT_OBJC_MSGSEND = YES;
				ENABLE_TESTABILITY = YES;
				GCC_C_LANGUAGE_STANDARD = gnu11;
				GCC_DYNAMIC_NO_PIC = NO;
				GCC_NO_COMMON_BLOCKS = YES;
				GCC_OPTIMIZATION_LEVEL = 0;
				GCC_PREPROCESSOR_DEFINITIONS = (
					"DEBUG=1",
					"$(inherited)",
				);
				GCC_WARN_64_TO_32_BIT_CONVERSION = YES;
				GCC_WARN_ABOUT_RETURN_TYPE = YES_ERROR;
				GCC_WARN_UNDECLARED_SELECTOR = YES;
				GCC_WARN_UNINITIALIZED_AUTOS = YES_AGGRESSIVE;
				GCC_WARN_UNUSED_FUNCTION = YES;
				GCC_WARN_UNUSED_VARIABLE = YES;
				INFOPLIST_FILE = Tests/Info.plist;
				IPHONEOS_DEPLOYMENT_TARGET = 12.0;
				LD_RUNPATH_SEARCH_PATHS = (
					"$(inherited)",
					"@executable_path/Frameworks",
					"@loader_path/Frameworks",
				);
				MTL_ENABLE_DEBUG_INFO = INCLUDE_SOURCE;
				MTL_FAST_MATH = YES;
				ONLY_ACTIVE_ARCH = YES;
				PRODUCT_BUNDLE_IDENTIFIER = "com.d-csm.DCDicomIOSTests";
				PRODUCT_NAME = "$(TARGET_NAME)";
				SDKROOT = iphoneos;
				SWIFT_ACTIVE_COMPILATION_CONDITIONS = DEBUG;
				SWIFT_OPTIMIZATION_LEVEL = "-Onone";
				SWIFT_VERSION = 5.0;
				TARGETED_DEVICE_FAMILY = "1,2";
			};
			name = Debug;
		};
		BEF228AC21864589003339CE /* Release */ = {
			isa = XCBuildConfiguration;
			buildSettings = {
				ALWAYS_EMBED_SWIFT_STANDARD_LIBRARIES = YES;
				ALWAYS_SEARCH_USER_PATHS = NO;
				CLANG_ANALYZER_NONNULL = YES;
				CLANG_ANALYZER_NUMBER_OBJECT_CONVERSION = YES_AGGRESSIVE;
				CLANG_CXX_LANGUAGE_STANDARD = "gnu++14";
				CLANG_CXX_LIBRARY = "libc++";
				CLANG_ENABLE_MODULES = YES;
				CLANG_ENABLE_OBJC_ARC = YES;
				CLANG_ENABLE_OBJC_WEAK = YES;
				CLANG_WARN_BLOCK_CAPTURE_AUTORELEASING = YES;
				CLANG_WARN_BOOL_CONVERSION = YES;
				CLANG_WARN_COMMA = YES;
				CLANG_WARN_CONSTANT_CONVERSION = YES;
				CLANG_WARN_DEPRECATED_OBJC_IMPLEMENTATIONS = YES;
				CLANG_WARN_DIRECT_OBJC_ISA_USAGE = YES_ERROR;
				CLANG_WARN_DOCUMENTATION_COMMENTS = YES;
				CLANG_WARN_EMPTY_BODY = YES;
				CLANG_WARN_ENUM_CONVERSION = YES;
				CLANG_WARN_INFINITE_RECURSION = YES;
				CLANG_WARN_INT_CONVERSION = YES;
				CLANG_WARN_NON_LITERAL_NULL_CONVERSION = YES;
				CLANG_WARN_OBJC_IMPLICIT_RETAIN_SELF = YES;
				CLANG_WARN_OBJC_LITERAL_CONVERSION = YES;
				CLANG_WARN_OBJC_ROOT_CLASS = YES_ERROR;
				CLANG_WARN_RANGE_LOOP_ANALYSIS = YES;
				CLANG_WARN_STRICT_PROTOTYPES = YES;
				CLANG_WARN_SUSPICIOUS_MOVE = YES;
				CLANG_WARN_UNGUARDED_AVAILABILITY = YES_AGGRESSIVE;
				CLANG_WARN_UNREACHABLE_CODE = YES;
				CLANG_WARN__DUPLICATE_METHOD_MATCH = YES;
				CODE_SIGN_IDENTITY = "iPhone Developer";
				CODE_SIGN_STYLE = Automatic;
				COPY_PHASE_STRIP = NO;
				DEBUG_INFORMATION_FORMAT = "dwarf-with-dsym";
				DEVELOPMENT_TEAM = SL4L44Q2J9;
				ENABLE_NS_ASSERTIONS = NO;
				ENABLE_STRICT_OBJC_MSGSEND = YES;
				GCC_C_LANGUAGE_STANDARD = gnu11;
				GCC_NO_COMMON_BLOCKS = YES;
				GCC_WARN_64_TO_32_BIT_CONVERSION = YES;
				GCC_WARN_ABOUT_RETURN_TYPE = YES_ERROR;
				GCC_WARN_UNDECLARED_SELECTOR = YES;
				GCC_WARN_UNINITIALIZED_AUTOS = YES_AGGRESSIVE;
				GCC_WARN_UNUSED_FUNCTION = YES;
				GCC_WARN_UNUSED_VARIABLE = YES;
				INFOPLIST_FILE = Tests/Info.plist;
				IPHONEOS_DEPLOYMENT_TARGET = 12.0;
				LD_RUNPATH_SEARCH_PATHS = (
					"$(inherited)",
					"@executable_path/Frameworks",
					"@loader_path/Frameworks",
				);
				MTL_ENABLE_DEBUG_INFO = NO;
				MTL_FAST_MATH = YES;
				PRODUCT_BUNDLE_IDENTIFIER = "com.d-csm.DCDicomIOSTests";
				PRODUCT_NAME = "$(TARGET_NAME)";
				SDKROOT = iphoneos;
				SWIFT_COMPILATION_MODE = wholemodule;
				SWIFT_OPTIMIZATION_LEVEL = "-O";
				SWIFT_VERSION = 5.0;
				TARGETED_DEVICE_FAMILY = "1,2";
				VALIDATE_PRODUCT = YES;
			};
			name = Release;
		};
/* End XCBuildConfiguration section */

/* Begin XCConfigurationList section */
		BE8C391521863E34008EB60D /* Build configuration list for PBXProject "DCDicom" */ = {
			isa = XCConfigurationList;
			buildConfigurations = (
				BE8C391621863E34008EB60D /* Debug */,
				BE8C391721863E34008EB60D /* Release */,
			);
			defaultConfigurationIsVisible = 0;
			defaultConfigurationName = Release;
		};
		BE8C392321863E86008EB60D /* Build configuration list for PBXNativeTarget "DCDicomIOS" */ = {
			isa = XCConfigurationList;
			buildConfigurations = (
				BE8C392421863E86008EB60D /* Debug */,
				BE8C392521863E86008EB60D /* Release */,
			);
			defaultConfigurationIsVisible = 0;
			defaultConfigurationName = Release;
		};
		BE8C393021863EA4008EB60D /* Build configuration list for PBXNativeTarget "DCDicomMacOS" */ = {
			isa = XCConfigurationList;
			buildConfigurations = (
				BE8C393121863EA4008EB60D /* Debug */,
				BE8C393221863EA4008EB60D /* Release */,
			);
			defaultConfigurationIsVisible = 0;
			defaultConfigurationName = Release;
		};
		BEF2289B2186457A003339CE /* Build configuration list for PBXNativeTarget "DCDicomMacOSTests" */ = {
			isa = XCConfigurationList;
			buildConfigurations = (
				BEF2289C2186457A003339CE /* Debug */,
				BEF2289D2186457A003339CE /* Release */,
			);
			defaultConfigurationIsVisible = 0;
			defaultConfigurationName = Release;
		};
		BEF228AA21864589003339CE /* Build configuration list for PBXNativeTarget "DCDicomIOSTests" */ = {
			isa = XCConfigurationList;
			buildConfigurations = (
				BEF228AB21864589003339CE /* Debug */,
				BEF228AC21864589003339CE /* Release */,
			);
			defaultConfigurationIsVisible = 0;
			defaultConfigurationName = Release;
		};
/* End XCConfigurationList section */
	};
	rootObject = BE8C391221863E34008EB60D /* Project object */;
}
